// !$*UTF8*$!
{
	archiveVersion = 1;
	classes = {
	};
	objectVersion = 56;
	objects = {

/* Begin PBXBuildFile section */
		9808C19C548DE29551B615A5 /* Pods_Task19ChatAppDevaminDevami.framework in Frameworks */ = {isa = PBXBuildFile; fileRef = 61F20C46AA0ED2E62C125305 /* Pods_Task19ChatAppDevaminDevami.framework */; };
		C403A3242B331CED005CF678 /* GoogleService-Info.plist in Resources */ = {isa = PBXBuildFile; fileRef = C403A3232B331CED005CF678 /* GoogleService-Info.plist */; };
		C431160B2B3A563500602424 /* StorageManager.swift in Sources */ = {isa = PBXBuildFile; fileRef = C431160A2B3A563500602424 /* StorageManager.swift */; };
		C442F64A2B491182004BD669 /* ConversationMyTableViewCell.swift in Sources */ = {isa = PBXBuildFile; fileRef = C442F6492B491182004BD669 /* ConversationMyTableViewCell.swift */; };
		C48ABEBE2B2F4056005DB0D9 /* FacebookAEM in Frameworks */ = {isa = PBXBuildFile; productRef = C48ABEBD2B2F4056005DB0D9 /* FacebookAEM */; };
		C48ABEC02B2F4056005DB0D9 /* FacebookBasics in Frameworks */ = {isa = PBXBuildFile; productRef = C48ABEBF2B2F4056005DB0D9 /* FacebookBasics */; };
		C48ABEC22B2F4056005DB0D9 /* FacebookCore in Frameworks */ = {isa = PBXBuildFile; productRef = C48ABEC12B2F4056005DB0D9 /* FacebookCore */; };
		C48ABEC42B2F4056005DB0D9 /* FacebookGamingServices in Frameworks */ = {isa = PBXBuildFile; productRef = C48ABEC32B2F4056005DB0D9 /* FacebookGamingServices */; };
		C48ABEC62B2F4056005DB0D9 /* FacebookLogin in Frameworks */ = {isa = PBXBuildFile; productRef = C48ABEC52B2F4056005DB0D9 /* FacebookLogin */; };
		C4AB81512B37066800F83C3B /* ChatViewController.swift in Sources */ = {isa = PBXBuildFile; fileRef = C4AB81502B37066800F83C3B /* ChatViewController.swift */; };
		C4D785DC2B27D026008CB6EA /* AppDelegate.swift in Sources */ = {isa = PBXBuildFile; fileRef = C4D785DB2B27D026008CB6EA /* AppDelegate.swift */; };
		C4D785DE2B27D026008CB6EA /* SceneDelegate.swift in Sources */ = {isa = PBXBuildFile; fileRef = C4D785DD2B27D026008CB6EA /* SceneDelegate.swift */; };
		C4D785E02B27D026008CB6EA /* ConversationsViewController.swift in Sources */ = {isa = PBXBuildFile; fileRef = C4D785DF2B27D026008CB6EA /* ConversationsViewController.swift */; };
		C4D785E32B27D026008CB6EA /* Main.storyboard in Resources */ = {isa = PBXBuildFile; fileRef = C4D785E12B27D026008CB6EA /* Main.storyboard */; };
		C4D785E52B27D027008CB6EA /* Assets.xcassets in Resources */ = {isa = PBXBuildFile; fileRef = C4D785E42B27D027008CB6EA /* Assets.xcassets */; };
		C4D785E82B27D027008CB6EA /* LaunchScreen.storyboard in Resources */ = {isa = PBXBuildFile; fileRef = C4D785E62B27D027008CB6EA /* LaunchScreen.storyboard */; };
		C4D785F12B27D235008CB6EA /* DatabaseManager2.swift in Sources */ = {isa = PBXBuildFile; fileRef = C4D785F02B27D235008CB6EA /* DatabaseManager2.swift */; };
		C4D785F32B27D243008CB6EA /* Extensions.swift in Sources */ = {isa = PBXBuildFile; fileRef = C4D785F22B27D243008CB6EA /* Extensions.swift */; };
		C4D785F72B27D3CF008CB6EA /* LoginViewController.swift in Sources */ = {isa = PBXBuildFile; fileRef = C4D785F62B27D3CF008CB6EA /* LoginViewController.swift */; };
		C4D785F92B27D3DD008CB6EA /* RegisterViewController.swift in Sources */ = {isa = PBXBuildFile; fileRef = C4D785F82B27D3DD008CB6EA /* RegisterViewController.swift */; };
		C4D785FB2B27D45A008CB6EA /* NewConversationViewController.swift in Sources */ = {isa = PBXBuildFile; fileRef = C4D785FA2B27D45A008CB6EA /* NewConversationViewController.swift */; };
		C4D785FD2B27D46D008CB6EA /* PhotoViewerViewController.swift in Sources */ = {isa = PBXBuildFile; fileRef = C4D785FC2B27D46D008CB6EA /* PhotoViewerViewController.swift */; };
		C4D785FF2B27D481008CB6EA /* ProfileViewController.swift in Sources */ = {isa = PBXBuildFile; fileRef = C4D785FE2B27D481008CB6EA /* ProfileViewController.swift */; };
		C4D786012B27D496008CB6EA /* VideoPlayerViewController.swift in Sources */ = {isa = PBXBuildFile; fileRef = C4D786002B27D496008CB6EA /* VideoPlayerViewController.swift */; };
/* End PBXBuildFile section */

/* Begin PBXFileReference section */
		61F20C46AA0ED2E62C125305 /* Pods_Task19ChatAppDevaminDevami.framework */ = {isa = PBXFileReference; explicitFileType = wrapper.framework; includeInIndex = 0; path = Pods_Task19ChatAppDevaminDevami.framework; sourceTree = BUILT_PRODUCTS_DIR; };
		C403A3232B331CED005CF678 /* GoogleService-Info.plist */ = {isa = PBXFileReference; fileEncoding = 4; lastKnownFileType = text.plist.xml; path = "GoogleService-Info.plist"; sourceTree = "<group>"; };
		C4293CB42B29286A00C5521D /* Task19ChatAppDevaminDevami.entitlements */ = {isa = PBXFileReference; lastKnownFileType = text.plist.entitlements; path = Task19ChatAppDevaminDevami.entitlements; sourceTree = "<group>"; };
		C431160A2B3A563500602424 /* StorageManager.swift */ = {isa = PBXFileReference; lastKnownFileType = sourcecode.swift; path = StorageManager.swift; sourceTree = "<group>"; };
		C442F6492B491182004BD669 /* ConversationMyTableViewCell.swift */ = {isa = PBXFileReference; lastKnownFileType = sourcecode.swift; path = ConversationMyTableViewCell.swift; sourceTree = "<group>"; };
		C4AB81502B37066800F83C3B /* ChatViewController.swift */ = {isa = PBXFileReference; lastKnownFileType = sourcecode.swift; path = ChatViewController.swift; sourceTree = "<group>"; };
		C4D785D82B27D026008CB6EA /* Task19ChatAppDevaminDevami.app */ = {isa = PBXFileReference; explicitFileType = wrapper.application; includeInIndex = 0; path = Task19ChatAppDevaminDevami.app; sourceTree = BUILT_PRODUCTS_DIR; };
		C4D785DB2B27D026008CB6EA /* AppDelegate.swift */ = {isa = PBXFileReference; lastKnownFileType = sourcecode.swift; path = AppDelegate.swift; sourceTree = "<group>"; };
		C4D785DD2B27D026008CB6EA /* SceneDelegate.swift */ = {isa = PBXFileReference; lastKnownFileType = sourcecode.swift; path = SceneDelegate.swift; sourceTree = "<group>"; };
		C4D785DF2B27D026008CB6EA /* ConversationsViewController.swift */ = {isa = PBXFileReference; lastKnownFileType = sourcecode.swift; path = ConversationsViewController.swift; sourceTree = "<group>"; };
		C4D785E22B27D026008CB6EA /* Base */ = {isa = PBXFileReference; lastKnownFileType = file.storyboard; name = Base; path = Base.lproj/Main.storyboard; sourceTree = "<group>"; };
		C4D785E42B27D027008CB6EA /* Assets.xcassets */ = {isa = PBXFileReference; lastKnownFileType = folder.assetcatalog; path = Assets.xcassets; sourceTree = "<group>"; };
		C4D785E72B27D027008CB6EA /* Base */ = {isa = PBXFileReference; lastKnownFileType = file.storyboard; name = Base; path = Base.lproj/LaunchScreen.storyboard; sourceTree = "<group>"; };
		C4D785E92B27D027008CB6EA /* Info.plist */ = {isa = PBXFileReference; lastKnownFileType = text.plist.xml; path = Info.plist; sourceTree = "<group>"; };
		C4D785F02B27D235008CB6EA /* DatabaseManager2.swift */ = {isa = PBXFileReference; lastKnownFileType = sourcecode.swift; path = DatabaseManager2.swift; sourceTree = "<group>"; };
		C4D785F22B27D243008CB6EA /* Extensions.swift */ = {isa = PBXFileReference; lastKnownFileType = sourcecode.swift; path = Extensions.swift; sourceTree = "<group>"; };
		C4D785F62B27D3CF008CB6EA /* LoginViewController.swift */ = {isa = PBXFileReference; lastKnownFileType = sourcecode.swift; path = LoginViewController.swift; sourceTree = "<group>"; };
		C4D785F82B27D3DD008CB6EA /* RegisterViewController.swift */ = {isa = PBXFileReference; lastKnownFileType = sourcecode.swift; path = RegisterViewController.swift; sourceTree = "<group>"; };
		C4D785FA2B27D45A008CB6EA /* NewConversationViewController.swift */ = {isa = PBXFileReference; lastKnownFileType = sourcecode.swift; path = NewConversationViewController.swift; sourceTree = "<group>"; };
		C4D785FC2B27D46D008CB6EA /* PhotoViewerViewController.swift */ = {isa = PBXFileReference; lastKnownFileType = sourcecode.swift; path = PhotoViewerViewController.swift; sourceTree = "<group>"; };
		C4D785FE2B27D481008CB6EA /* ProfileViewController.swift */ = {isa = PBXFileReference; lastKnownFileType = sourcecode.swift; path = ProfileViewController.swift; sourceTree = "<group>"; };
		C4D786002B27D496008CB6EA /* VideoPlayerViewController.swift */ = {isa = PBXFileReference; lastKnownFileType = sourcecode.swift; path = VideoPlayerViewController.swift; sourceTree = "<group>"; };
		F59C26385B28B65670814C4E /* Pods-Task19ChatAppDevaminDevami.debug.xcconfig */ = {isa = PBXFileReference; includeInIndex = 1; lastKnownFileType = text.xcconfig; name = "Pods-Task19ChatAppDevaminDevami.debug.xcconfig"; path = "Target Support Files/Pods-Task19ChatAppDevaminDevami/Pods-Task19ChatAppDevaminDevami.debug.xcconfig"; sourceTree = "<group>"; };
		FD70094B34F0DF4A76BD4958 /* Pods-Task19ChatAppDevaminDevami.release.xcconfig */ = {isa = PBXFileReference; includeInIndex = 1; lastKnownFileType = text.xcconfig; name = "Pods-Task19ChatAppDevaminDevami.release.xcconfig"; path = "Target Support Files/Pods-Task19ChatAppDevaminDevami/Pods-Task19ChatAppDevaminDevami.release.xcconfig"; sourceTree = "<group>"; };
/* End PBXFileReference section */

/* Begin PBXFrameworksBuildPhase section */
		C4D785D52B27D026008CB6EA /* Frameworks */ = {
			isa = PBXFrameworksBuildPhase;
			buildActionMask = 2147483647;
			files = (
				C48ABEC02B2F4056005DB0D9 /* FacebookBasics in Frameworks */,
				C48ABEBE2B2F4056005DB0D9 /* FacebookAEM in Frameworks */,
				C48ABEC62B2F4056005DB0D9 /* FacebookLogin in Frameworks */,
				9808C19C548DE29551B615A5 /* Pods_Task19ChatAppDevaminDevami.framework in Frameworks */,
				C48ABEC42B2F4056005DB0D9 /* FacebookGamingServices in Frameworks */,
				C48ABEC22B2F4056005DB0D9 /* FacebookCore in Frameworks */,
			);
			runOnlyForDeploymentPostprocessing = 0;
		};
/* End PBXFrameworksBuildPhase section */

/* Begin PBXGroup section */
		0A6B70A9DECC25CD2B3DBAF9 /* Frameworks */ = {
			isa = PBXGroup;
			children = (
				61F20C46AA0ED2E62C125305 /* Pods_Task19ChatAppDevaminDevami.framework */,
			);
			name = Frameworks;
			sourceTree = "<group>";
		};
		B1B5D7D510AE2A6D5B7D5D3B /* Pods */ = {
			isa = PBXGroup;
			children = (
				F59C26385B28B65670814C4E /* Pods-Task19ChatAppDevaminDevami.debug.xcconfig */,
				FD70094B34F0DF4A76BD4958 /* Pods-Task19ChatAppDevaminDevami.release.xcconfig */,
			);
			path = Pods;
			sourceTree = "<group>";
		};
		C4D785CF2B27D026008CB6EA = {
			isa = PBXGroup;
			children = (
				C4D785DA2B27D026008CB6EA /* Task19ChatAppDevaminDevami */,
				C4D785D92B27D026008CB6EA /* Products */,
				B1B5D7D510AE2A6D5B7D5D3B /* Pods */,
				0A6B70A9DECC25CD2B3DBAF9 /* Frameworks */,
			);
			sourceTree = "<group>";
		};
		C4D785D92B27D026008CB6EA /* Products */ = {
			isa = PBXGroup;
			children = (
				C4D785D82B27D026008CB6EA /* Task19ChatAppDevaminDevami.app */,
			);
			name = Products;
			sourceTree = "<group>";
		};
		C4D785DA2B27D026008CB6EA /* Task19ChatAppDevaminDevami */ = {
			isa = PBXGroup;
			children = (
				C4293CB42B29286A00C5521D /* Task19ChatAppDevaminDevami.entitlements */,
				C4D785EF2B27D20E008CB6EA /* Resources */,
				C4D785F42B27D317008CB6EA /* Controllers */,
				C4D786022B27D522008CB6EA /* Views */,
				C4D786032B27D546008CB6EA /* ViewModels */,
				C4D786042B27D54E008CB6EA /* AllInfo */,
			);
			path = Task19ChatAppDevaminDevami;
			sourceTree = "<group>";
		};
		C4D785EF2B27D20E008CB6EA /* Resources */ = {
			isa = PBXGroup;
			children = (
				C4D785DB2B27D026008CB6EA /* AppDelegate.swift */,
				C4D785DD2B27D026008CB6EA /* SceneDelegate.swift */,
				C4D785F02B27D235008CB6EA /* DatabaseManager2.swift */,
				C4D785F22B27D243008CB6EA /* Extensions.swift */,
				C431160A2B3A563500602424 /* StorageManager.swift */,
			);
			path = Resources;
			sourceTree = "<group>";
		};
		C4D785F42B27D317008CB6EA /* Controllers */ = {
			isa = PBXGroup;
			children = (
				C4D785DF2B27D026008CB6EA /* ConversationsViewController.swift */,
				C4D785F52B27D3B9008CB6EA /* Login */,
				C4D785FA2B27D45A008CB6EA /* NewConversationViewController.swift */,
				C4D785FC2B27D46D008CB6EA /* PhotoViewerViewController.swift */,
				C4D785FE2B27D481008CB6EA /* ProfileViewController.swift */,
				C4D786002B27D496008CB6EA /* VideoPlayerViewController.swift */,
				C4AB81502B37066800F83C3B /* ChatViewController.swift */,
			);
			path = Controllers;
			sourceTree = "<group>";
		};
		C4D785F52B27D3B9008CB6EA /* Login */ = {
			isa = PBXGroup;
			children = (
				C4D785F62B27D3CF008CB6EA /* LoginViewController.swift */,
				C4D785F82B27D3DD008CB6EA /* RegisterViewController.swift */,
			);
			path = Login;
			sourceTree = "<group>";
		};
		C4D786022B27D522008CB6EA /* Views */ = {
			isa = PBXGroup;
			children = (
				C4D785E12B27D026008CB6EA /* Main.storyboard */,
				C4D785E42B27D027008CB6EA /* Assets.xcassets */,
				C4D785E62B27D027008CB6EA /* LaunchScreen.storyboard */,
				C442F6492B491182004BD669 /* ConversationMyTableViewCell.swift */,
			);
			path = Views;
			sourceTree = "<group>";
		};
		C4D786032B27D546008CB6EA /* ViewModels */ = {
			isa = PBXGroup;
			children = (
			);
			path = ViewModels;
			sourceTree = "<group>";
		};
		C4D786042B27D54E008CB6EA /* AllInfo */ = {
			isa = PBXGroup;
			children = (
				C403A3232B331CED005CF678 /* GoogleService-Info.plist */,
				C4D785E92B27D027008CB6EA /* Info.plist */,
			);
			path = AllInfo;
			sourceTree = "<group>";
		};
/* End PBXGroup section */

/* Begin PBXNativeTarget section */
		C4D785D72B27D026008CB6EA /* Task19ChatAppDevaminDevami */ = {
			isa = PBXNativeTarget;
			buildConfigurationList = C4D785EC2B27D027008CB6EA /* Build configuration list for PBXNativeTarget "Task19ChatAppDevaminDevami" */;
			buildPhases = (
				D3DDC0CF4258B8757ABE1B19 /* [CP] Check Pods Manifest.lock */,
				C4D785D42B27D026008CB6EA /* Sources */,
				C4D785D52B27D026008CB6EA /* Frameworks */,
				C4D785D62B27D026008CB6EA /* Resources */,
				758B5A7A23CEC4E5816087ED /* [CP] Embed Pods Frameworks */,
			);
			buildRules = (
			);
			dependencies = (
			);
			name = Task19ChatAppDevaminDevami;
			packageProductDependencies = (
				C48ABEBD2B2F4056005DB0D9 /* FacebookAEM */,
				C48ABEBF2B2F4056005DB0D9 /* FacebookBasics */,
				C48ABEC12B2F4056005DB0D9 /* FacebookCore */,
				C48ABEC32B2F4056005DB0D9 /* FacebookGamingServices */,
				C48ABEC52B2F4056005DB0D9 /* FacebookLogin */,
			);
			productName = Task19ChatAppDevaminDevami;
			productReference = C4D785D82B27D026008CB6EA /* Task19ChatAppDevaminDevami.app */;
			productType = "com.apple.product-type.application";
		};
/* End PBXNativeTarget section */

/* Begin PBXProject section */
		C4D785D02B27D026008CB6EA /* Project object */ = {
			isa = PBXProject;
			attributes = {
				BuildIndependentTargetsInParallel = 1;
				LastSwiftUpdateCheck = 1500;
				LastUpgradeCheck = 1500;
				TargetAttributes = {
					C4D785D72B27D026008CB6EA = {
						CreatedOnToolsVersion = 15.0;
					};
				};
			};
			buildConfigurationList = C4D785D32B27D026008CB6EA /* Build configuration list for PBXProject "Task19ChatAppDevaminDevami" */;
			compatibilityVersion = "Xcode 14.0";
			developmentRegion = en;
			hasScannedForEncodings = 0;
			knownRegions = (
				en,
				Base,
			);
			mainGroup = C4D785CF2B27D026008CB6EA;
			packageReferences = (
				C48ABEBC2B2F4056005DB0D9 /* XCRemoteSwiftPackageReference "facebook-ios-sdk" */,
			);
			productRefGroup = C4D785D92B27D026008CB6EA /* Products */;
			projectDirPath = "";
			projectRoot = "";
			targets = (
				C4D785D72B27D026008CB6EA /* Task19ChatAppDevaminDevami */,
			);
		};
/* End PBXProject section */

/* Begin PBXResourcesBuildPhase section */
		C4D785D62B27D026008CB6EA /* Resources */ = {
			isa = PBXResourcesBuildPhase;
			buildActionMask = 2147483647;
			files = (
				C4D785E82B27D027008CB6EA /* LaunchScreen.storyboard in Resources */,
				C403A3242B331CED005CF678 /* GoogleService-Info.plist in Resources */,
				C4D785E52B27D027008CB6EA /* Assets.xcassets in Resources */,
				C4D785E32B27D026008CB6EA /* Main.storyboard in Resources */,
			);
			runOnlyForDeploymentPostprocessing = 0;
		};
/* End PBXResourcesBuildPhase section */

/* Begin PBXShellScriptBuildPhase section */
		758B5A7A23CEC4E5816087ED /* [CP] Embed Pods Frameworks */ = {
			isa = PBXShellScriptBuildPhase;
			buildActionMask = 2147483647;
			files = (
			);
			inputFileListPaths = (
				"${PODS_ROOT}/Target Support Files/Pods-Task19ChatAppDevaminDevami/Pods-Task19ChatAppDevaminDevami-frameworks-${CONFIGURATION}-input-files.xcfilelist",
			);
			name = "[CP] Embed Pods Frameworks";
			outputFileListPaths = (
				"${PODS_ROOT}/Target Support Files/Pods-Task19ChatAppDevaminDevami/Pods-Task19ChatAppDevaminDevami-frameworks-${CONFIGURATION}-output-files.xcfilelist",
			);
			runOnlyForDeploymentPostprocessing = 0;
			shellPath = /bin/sh;
			shellScript = "\"${PODS_ROOT}/Target Support Files/Pods-Task19ChatAppDevaminDevami/Pods-Task19ChatAppDevaminDevami-frameworks.sh\"\n";
			showEnvVarsInLog = 0;
		};
		D3DDC0CF4258B8757ABE1B19 /* [CP] Check Pods Manifest.lock */ = {
			isa = PBXShellScriptBuildPhase;
			buildActionMask = 2147483647;
			files = (
			);
			inputFileListPaths = (
			);
			inputPaths = (
				"${PODS_PODFILE_DIR_PATH}/Podfile.lock",
				"${PODS_ROOT}/Manifest.lock",
			);
			name = "[CP] Check Pods Manifest.lock";
			outputFileListPaths = (
			);
			outputPaths = (
				"$(DERIVED_FILE_DIR)/Pods-Task19ChatAppDevaminDevami-checkManifestLockResult.txt",
			);
			runOnlyForDeploymentPostprocessing = 0;
			shellPath = /bin/sh;
			shellScript = "diff \"${PODS_PODFILE_DIR_PATH}/Podfile.lock\" \"${PODS_ROOT}/Manifest.lock\" > /dev/null\nif [ $? != 0 ] ; then\n    # print error to STDERR\n    echo \"error: The sandbox is not in sync with the Podfile.lock. Run 'pod install' or update your CocoaPods installation.\" >&2\n    exit 1\nfi\n# This output is used by Xcode 'outputs' to avoid re-running this script phase.\necho \"SUCCESS\" > \"${SCRIPT_OUTPUT_FILE_0}\"\n";
			showEnvVarsInLog = 0;
		};
/* End PBXShellScriptBuildPhase section */

/* Begin PBXSourcesBuildPhase section */
		C4D785D42B27D026008CB6EA /* Sources */ = {
			isa = PBXSourcesBuildPhase;
			buildActionMask = 2147483647;
			files = (
				C442F64A2B491182004BD669 /* ConversationMyTableViewCell.swift in Sources */,
				C4D785F72B27D3CF008CB6EA /* LoginViewController.swift in Sources */,
				C4D785F32B27D243008CB6EA /* Extensions.swift in Sources */,
				C4D785FF2B27D481008CB6EA /* ProfileViewController.swift in Sources */,
				C4D785FB2B27D45A008CB6EA /* NewConversationViewController.swift in Sources */,
				C4D785F92B27D3DD008CB6EA /* RegisterViewController.swift in Sources */,
				C4D785F12B27D235008CB6EA /* DatabaseManager2.swift in Sources */,
				C4D785E02B27D026008CB6EA /* ConversationsViewController.swift in Sources */,
				C4D786012B27D496008CB6EA /* VideoPlayerViewController.swift in Sources */,
				C4D785DC2B27D026008CB6EA /* AppDelegate.swift in Sources */,
				C4D785DE2B27D026008CB6EA /* SceneDelegate.swift in Sources */,
				C4AB81512B37066800F83C3B /* ChatViewController.swift in Sources */,
				C4D785FD2B27D46D008CB6EA /* PhotoViewerViewController.swift in Sources */,
				C431160B2B3A563500602424 /* StorageManager.swift in Sources */,
			);
			runOnlyForDeploymentPostprocessing = 0;
		};
/* End PBXSourcesBuildPhase section */

/* Begin PBXVariantGroup section */
		C4D785E12B27D026008CB6EA /* Main.storyboard */ = {
			isa = PBXVariantGroup;
			children = (
				C4D785E22B27D026008CB6EA /* Base */,
			);
			name = Main.storyboard;
			sourceTree = "<group>";
		};
		C4D785E62B27D027008CB6EA /* LaunchScreen.storyboard */ = {
			isa = PBXVariantGroup;
			children = (
				C4D785E72B27D027008CB6EA /* Base */,
			);
			name = LaunchScreen.storyboard;
			sourceTree = "<group>";
		};
/* End PBXVariantGroup section */

/* Begin XCBuildConfiguration section */
		C4D785EA2B27D027008CB6EA /* Debug */ = {
			isa = XCBuildConfiguration;
			buildSettings = {
				ALWAYS_SEARCH_USER_PATHS = NO;
				ASSETCATALOG_COMPILER_GENERATE_SWIFT_ASSET_SYMBOL_EXTENSIONS = YES;
				CLANG_ANALYZER_NONNULL = YES;
				CLANG_ANALYZER_NUMBER_OBJECT_CONVERSION = YES_AGGRESSIVE;
				CLANG_CXX_LANGUAGE_STANDARD = "gnu++20";
				CLANG_ENABLE_MODULES = YES;
				CLANG_ENABLE_OBJC_ARC = YES;
				CLANG_ENABLE_OBJC_WEAK = YES;
				CLANG_WARN_BLOCK_CAPTURE_AUTORELEASING = YES;
				CLANG_WARN_BOOL_CONVERSION = YES;
				CLANG_WARN_COMMA = YES;
				CLANG_WARN_CONSTANT_CONVERSION = YES;
				CLANG_WARN_DEPRECATED_OBJC_IMPLEMENTATIONS = YES;
				CLANG_WARN_DIRECT_OBJC_ISA_USAGE = YES_ERROR;
				CLANG_WARN_DOCUMENTATION_COMMENTS = YES;
				CLANG_WARN_EMPTY_BODY = YES;
				CLANG_WARN_ENUM_CONVERSION = YES;
				CLANG_WARN_INFINITE_RECURSION = YES;
				CLANG_WARN_INT_CONVERSION = YES;
				CLANG_WARN_NON_LITERAL_NULL_CONVERSION = YES;
				CLANG_WARN_OBJC_IMPLICIT_RETAIN_SELF = YES;
				CLANG_WARN_OBJC_LITERAL_CONVERSION = YES;
				CLANG_WARN_OBJC_ROOT_CLASS = YES_ERROR;
				CLANG_WARN_QUOTED_INCLUDE_IN_FRAMEWORK_HEADER = YES;
				CLANG_WARN_RANGE_LOOP_ANALYSIS = YES;
				CLANG_WARN_STRICT_PROTOTYPES = YES;
				CLANG_WARN_SUSPICIOUS_MOVE = YES;
				CLANG_WARN_UNGUARDED_AVAILABILITY = YES_AGGRESSIVE;
				CLANG_WARN_UNREACHABLE_CODE = YES;
				CLANG_WARN__DUPLICATE_METHOD_MATCH = YES;
				COPY_PHASE_STRIP = NO;
				DEBUG_INFORMATION_FORMAT = dwarf;
				ENABLE_STRICT_OBJC_MSGSEND = YES;
				ENABLE_TESTABILITY = YES;
				ENABLE_USER_SCRIPT_SANDBOXING = YES;
				GCC_C_LANGUAGE_STANDARD = gnu17;
				GCC_DYNAMIC_NO_PIC = NO;
				GCC_NO_COMMON_BLOCKS = YES;
				GCC_OPTIMIZATION_LEVEL = 0;
				GCC_PREPROCESSOR_DEFINITIONS = (
					"DEBUG=1",
					"$(inherited)",
				);
				GCC_WARN_64_TO_32_BIT_CONVERSION = YES;
				GCC_WARN_ABOUT_RETURN_TYPE = YES_ERROR;
				GCC_WARN_UNDECLARED_SELECTOR = YES;
				GCC_WARN_UNINITIALIZED_AUTOS = YES_AGGRESSIVE;
				GCC_WARN_UNUSED_FUNCTION = YES;
				GCC_WARN_UNUSED_VARIABLE = YES;
				IPHONEOS_DEPLOYMENT_TARGET = 17.0;
				LOCALIZATION_PREFERS_STRING_CATALOGS = YES;
				MTL_ENABLE_DEBUG_INFO = INCLUDE_SOURCE;
				MTL_FAST_MATH = YES;
				ONLY_ACTIVE_ARCH = YES;
				SDKROOT = iphoneos;
				SWIFT_ACTIVE_COMPILATION_CONDITIONS = "DEBUG $(inherited)";
				SWIFT_OPTIMIZATION_LEVEL = "-Onone";
			};
			name = Debug;
		};
		C4D785EB2B27D027008CB6EA /* Release */ = {
			isa = XCBuildConfiguration;
			buildSettings = {
				ALWAYS_SEARCH_USER_PATHS = NO;
				ASSETCATALOG_COMPILER_GENERATE_SWIFT_ASSET_SYMBOL_EXTENSIONS = YES;
				CLANG_ANALYZER_NONNULL = YES;
				CLANG_ANALYZER_NUMBER_OBJECT_CONVERSION = YES_AGGRESSIVE;
				CLANG_CXX_LANGUAGE_STANDARD = "gnu++20";
				CLANG_ENABLE_MODULES = YES;
				CLANG_ENABLE_OBJC_ARC = YES;
				CLANG_ENABLE_OBJC_WEAK = YES;
				CLANG_WARN_BLOCK_CAPTURE_AUTORELEASING = YES;
				CLANG_WARN_BOOL_CONVERSION = YES;
				CLANG_WARN_COMMA = YES;
				CLANG_WARN_CONSTANT_CONVERSION = YES;
				CLANG_WARN_DEPRECATED_OBJC_IMPLEMENTATIONS = YES;
				CLANG_WARN_DIRECT_OBJC_ISA_USAGE = YES_ERROR;
				CLANG_WARN_DOCUMENTATION_COMMENTS = YES;
				CLANG_WARN_EMPTY_BODY = YES;
				CLANG_WARN_ENUM_CONVERSION = YES;
				CLANG_WARN_INFINITE_RECURSION = YES;
				CLANG_WARN_INT_CONVERSION = YES;
				CLANG_WARN_NON_LITERAL_NULL_CONVERSION = YES;
				CLANG_WARN_OBJC_IMPLICIT_RETAIN_SELF = YES;
				CLANG_WARN_OBJC_LITERAL_CONVERSION = YES;
				CLANG_WARN_OBJC_ROOT_CLASS = YES_ERROR;
				CLANG_WARN_QUOTED_INCLUDE_IN_FRAMEWORK_HEADER = YES;
				CLANG_WARN_RANGE_LOOP_ANALYSIS = YES;
				CLANG_WARN_STRICT_PROTOTYPES = YES;
				CLANG_WARN_SUSPICIOUS_MOVE = YES;
				CLANG_WARN_UNGUARDED_AVAILABILITY = YES_AGGRESSIVE;
				CLANG_WARN_UNREACHABLE_CODE = YES;
				CLANG_WARN__DUPLICATE_METHOD_MATCH = YES;
				COPY_PHASE_STRIP = NO;
				DEBUG_INFORMATION_FORMAT = "dwarf-with-dsym";
				ENABLE_NS_ASSERTIONS = NO;
				ENABLE_STRICT_OBJC_MSGSEND = YES;
				ENABLE_USER_SCRIPT_SANDBOXING = YES;
				GCC_C_LANGUAGE_STANDARD = gnu17;
				GCC_NO_COMMON_BLOCKS = YES;
				GCC_WARN_64_TO_32_BIT_CONVERSION = YES;
				GCC_WARN_ABOUT_RETURN_TYPE = YES_ERROR;
				GCC_WARN_UNDECLARED_SELECTOR = YES;
				GCC_WARN_UNINITIALIZED_AUTOS = YES_AGGRESSIVE;
				GCC_WARN_UNUSED_FUNCTION = YES;
				GCC_WARN_UNUSED_VARIABLE = YES;
				IPHONEOS_DEPLOYMENT_TARGET = 17.0;
				LOCALIZATION_PREFERS_STRING_CATALOGS = YES;
				MTL_ENABLE_DEBUG_INFO = NO;
				MTL_FAST_MATH = YES;
				SDKROOT = iphoneos;
				SWIFT_COMPILATION_MODE = wholemodule;
				VALIDATE_PRODUCT = YES;
			};
			name = Release;
		};
		C4D785ED2B27D027008CB6EA /* Debug */ = {
			isa = XCBuildConfiguration;
			baseConfigurationReference = F59C26385B28B65670814C4E /* Pods-Task19ChatAppDevaminDevami.debug.xcconfig */;
			buildSettings = {
				ASSETCATALOG_COMPILER_APPICON_NAME = AppIcon;
				ASSETCATALOG_COMPILER_GLOBAL_ACCENT_COLOR_NAME = AccentColor;
				CODE_SIGN_ENTITLEMENTS = Task19ChatAppDevaminDevami/Task19ChatAppDevaminDevami.entitlements;
				CODE_SIGN_STYLE = Automatic;
				CURRENT_PROJECT_VERSION = 1;
				DEVELOPMENT_TEAM = 4Q3P58HHV5;
				ENABLE_USER_SCRIPT_SANDBOXING = NO;
				GENERATE_INFOPLIST_FILE = YES;
				INFOPLIST_FILE = Task19ChatAppDevaminDevami/Info.plist;
				INFOPLIST_KEY_UIApplicationSupportsIndirectInputEvents = YES;
				INFOPLIST_KEY_UILaunchStoryboardName = LaunchScreen;
				INFOPLIST_KEY_UIMainStoryboardFile = Main;
				INFOPLIST_KEY_UISupportedInterfaceOrientations_iPad = "UIInterfaceOrientationPortrait UIInterfaceOrientationPortraitUpsideDown UIInterfaceOrientationLandscapeLeft UIInterfaceOrientationLandscapeRight";
				INFOPLIST_KEY_UISupportedInterfaceOrientations_iPhone = "UIInterfaceOrientationPortrait UIInterfaceOrientationLandscapeLeft UIInterfaceOrientationLandscapeRight";
				IPHONEOS_DEPLOYMENT_TARGET = 17.0;
				LD_RUNPATH_SEARCH_PATHS = (
					"$(inherited)",
					"@executable_path/Frameworks",
				);
				MARKETING_VERSION = 1.0;
				PRODUCT_BUNDLE_IDENTIFIER = com.MikaIlkUygulama.Task19ChatAppDevaminDevami;
				PRODUCT_NAME = "$(TARGET_NAME)";
				SWIFT_EMIT_LOC_STRINGS = YES;
				SWIFT_VERSION = 5.0;
				TARGETED_DEVICE_FAMILY = "1,2";
			};
			name = Debug;
		};
		C4D785EE2B27D027008CB6EA /* Release */ = {
			isa = XCBuildConfiguration;
			baseConfigurationReference = FD70094B34F0DF4A76BD4958 /* Pods-Task19ChatAppDevaminDevami.release.xcconfig */;
			buildSettings = {
				ASSETCATALOG_COMPILER_APPICON_NAME = AppIcon;
				ASSETCATALOG_COMPILER_GLOBAL_ACCENT_COLOR_NAME = AccentColor;
				CODE_SIGN_ENTITLEMENTS = Task19ChatAppDevaminDevami/Task19ChatAppDevaminDevami.entitlements;
				CODE_SIGN_STYLE = Automatic;
				CURRENT_PROJECT_VERSION = 1;
				DEVELOPMENT_TEAM = 4Q3P58HHV5;
				ENABLE_USER_SCRIPT_SANDBOXING = NO;
				GENERATE_INFOPLIST_FILE = YES;
				INFOPLIST_FILE = Task19ChatAppDevaminDevami/Info.plist;
				INFOPLIST_KEY_UIApplicationSupportsIndirectInputEvents = YES;
				INFOPLIST_KEY_UILaunchStoryboardName = LaunchScreen;
				INFOPLIST_KEY_UIMainStoryboardFile = Main;
				INFOPLIST_KEY_UISupportedInterfaceOrientations_iPad = "UIInterfaceOrientationPortrait UIInterfaceOrientationPortraitUpsideDown UIInterfaceOrientationLandscapeLeft UIInterfaceOrientationLandscapeRight";
				INFOPLIST_KEY_UISupportedInterfaceOrientations_iPhone = "UIInterfaceOrientationPortrait UIInterfaceOrientationLandscapeLeft UIInterfaceOrientationLandscapeRight";
				IPHONEOS_DEPLOYMENT_TARGET = 17.0;
				LD_RUNPATH_SEARCH_PATHS = (
					"$(inherited)",
					"@executable_path/Frameworks",
				);
				MARKETING_VERSION = 1.0;
				PRODUCT_BUNDLE_IDENTIFIER = com.MikaIlkUygulama.Task19ChatAppDevaminDevami;
				PRODUCT_NAME = "$(TARGET_NAME)";
				SWIFT_EMIT_LOC_STRINGS = YES;
				SWIFT_VERSION = 5.0;
				TARGETED_DEVICE_FAMILY = "1,2";
			};
			name = Release;
		};
/* End XCBuildConfiguration section */

/* Begin XCConfigurationList section */
		C4D785D32B27D026008CB6EA /* Build configuration list for PBXProject "Task19ChatAppDevaminDevami" */ = {
			isa = XCConfigurationList;
			buildConfigurations = (
				C4D785EA2B27D027008CB6EA /* Debug */,
				C4D785EB2B27D027008CB6EA /* Release */,
			);
			defaultConfigurationIsVisible = 0;
			defaultConfigurationName = Release;
		};
		C4D785EC2B27D027008CB6EA /* Build configuration list for PBXNativeTarget "Task19ChatAppDevaminDevami" */ = {
			isa = XCConfigurationList;
			buildConfigurations = (
				C4D785ED2B27D027008CB6EA /* Debug */,
				C4D785EE2B27D027008CB6EA /* Release */,
			);
			defaultConfigurationIsVisible = 0;
			defaultConfigurationName = Release;
		};
/* End XCConfigurationList section */

/* Begin XCRemoteSwiftPackageReference section */
		C48ABEBC2B2F4056005DB0D9 /* XCRemoteSwiftPackageReference "facebook-ios-sdk" */ = {
			isa = XCRemoteSwiftPackageReference;
			repositoryURL = "https://github.com/facebook/facebook-ios-sdk";
			requirement = {
				kind = upToNextMajorVersion;
				minimumVersion = 12.1.0;
			};
		};
/* End XCRemoteSwiftPackageReference section */

/* Begin XCSwiftPackageProductDependency section */
		C48ABEBD2B2F4056005DB0D9 /* FacebookAEM */ = {
			isa = XCSwiftPackageProductDependency;
			package = C48ABEBC2B2F4056005DB0D9 /* XCRemoteSwiftPackageReference "facebook-ios-sdk" */;
			productName = FacebookAEM;
		};
		C48ABEBF2B2F4056005DB0D9 /* FacebookBasics */ = {
			isa = XCSwiftPackageProductDependency;
			package = C48ABEBC2B2F4056005DB0D9 /* XCRemoteSwiftPackageReference "facebook-ios-sdk" */;
			productName = FacebookBasics;
		};
		C48ABEC12B2F4056005DB0D9 /* FacebookCore */ = {
			isa = XCSwiftPackageProductDependency;
			package = C48ABEBC2B2F4056005DB0D9 /* XCRemoteSwiftPackageReference "facebook-ios-sdk" */;
			productName = FacebookCore;
		};
		C48ABEC32B2F4056005DB0D9 /* FacebookGamingServices */ = {
			isa = XCSwiftPackageProductDependency;
			package = C48ABEBC2B2F4056005DB0D9 /* XCRemoteSwiftPackageReference "facebook-ios-sdk" */;
			productName = FacebookGamingServices;
		};
		C48ABEC52B2F4056005DB0D9 /* FacebookLogin */ = {
			isa = XCSwiftPackageProductDependency;
			package = C48ABEBC2B2F4056005DB0D9 /* XCRemoteSwiftPackageReference "facebook-ios-sdk" */;
			productName = FacebookLogin;
		};
/* End XCSwiftPackageProductDependency section */
	};
	rootObject = C4D785D02B27D026008CB6EA /* Project object */;
}
